
Microsoft Visual Studio Solution File, Format Version 12.00
# Visual Studio 15
VisualStudioVersion = 15.0.28010.2036
MinimumVisualStudioVersion = 10.0.40219.1
Project("{FAE04EC0-301F-11D3-BF4B-00C04F79EFBC}") = "WindowsFormsApp1", "WindowsFormsApp1\WindowsFormsApp1.csproj", "{4C6F12A1-CF75-45EE-8F38-CB87E0454047}"
EndProject
Global
	GlobalSection(SolutionConfigurationPlatforms) = preSolution
		Debug|Any CPU = Debug|Any CPU
		Release|Any CPU = Release|Any CPU
	EndGlobalSection
	GlobalSection(ProjectConfigurationPlatforms) = postSolution
		{4C6F12A1-CF75-45EE-8F38-CB87E0454047}.Debug|Any CPU.ActiveCfg = Debug|Any CPU
		{4C6F12A1-CF75-45EE-8F38-CB87E0454047}.Debug|Any CPU.Build.0 = Debug|Any CPU
		{4C6F12A1-CF75-45EE-8F38-CB87E0454047}.Release|Any CPU.ActiveCfg = Release|Any CPU
		{4C6F12A1-CF75-45EE-8F38-CB87E0454047}.Release|Any CPU.Build.0 = Release|Any CPU
	EndGlobalSection
	GlobalSection(SolutionProperties) = preSolution
		HideSolutionNode = FALSE
	EndGlobalSection
	GlobalSection(ExtensibilityGlobals) = postSolution
		SolutionGuid = {5E6860AB-E306-49D9-9D38-CCF9D29400D8}
	EndGlobalSection
EndGlobal
